// !$*UTF8*$!
{
	archiveVersion = 1;
	classes = {
	};
	objectVersion = 46;
	objects = {

/* Begin PBXBuildFile section */
		059DA883040C4BBABBA39C5A /* LeagueGothic-CondensedRegular.otf in Resources */ = {isa = PBXBuildFile; fileRef = AC2B245DB04F4F518352F603 /* LeagueGothic-CondensedRegular.otf */; };
		085AF1D36DBD4F2CA54C3A10 /* Montserrat-LightItalic.ttf in Resources */ = {isa = PBXBuildFile; fileRef = 5D912FB90FA94E908643587C /* Montserrat-LightItalic.ttf */; };
		12D78F45E2854C8E81F184CD /* Montserrat-MediumItalic.ttf in Resources */ = {isa = PBXBuildFile; fileRef = C2566BD0E5274A91A9F30929 /* Montserrat-MediumItalic.ttf */; };
		131F2023AD2F4D76B2BEAE81 /* Montserrat-Italic.ttf in Resources */ = {isa = PBXBuildFile; fileRef = 02DC7D9A6E0142E08B5DD296 /* Montserrat-Italic.ttf */; };
		13B07FBC1A68108700A75B9A /* AppDelegate.m in Sources */ = {isa = PBXBuildFile; fileRef = 13B07FB01A68108700A75B9A /* AppDelegate.m */; };
		13B07FBD1A68108700A75B9A /* LaunchScreen.xib in Resources */ = {isa = PBXBuildFile; fileRef = 13B07FB11A68108700A75B9A /* LaunchScreen.xib */; };
		13B07FBF1A68108700A75B9A /* Images.xcassets in Resources */ = {isa = PBXBuildFile; fileRef = 13B07FB51A68108700A75B9A /* Images.xcassets */; };
		13B07FC11A68108700A75B9A /* main.m in Sources */ = {isa = PBXBuildFile; fileRef = 13B07FB71A68108700A75B9A /* main.m */; };
		1842B78567304F16A44A8456 /* AntDesign.ttf in Resources */ = {isa = PBXBuildFile; fileRef = FAA7FF8B99C0498E8D1E7005 /* AntDesign.ttf */; };
		18F156724FF441EB953C9B61 /* Montserrat-BlackItalic.ttf in Resources */ = {isa = PBXBuildFile; fileRef = 745C03B0030647898D977832 /* Montserrat-BlackItalic.ttf */; };
		1A055594669C485C8C2451D0 /* Lato-Italic.ttf in Resources */ = {isa = PBXBuildFile; fileRef = 125379E3B3874ED3A718E4C1 /* Lato-Italic.ttf */; };
		1D209AE9D0E340F5BC7199DB /* Montserrat-Medium.ttf in Resources */ = {isa = PBXBuildFile; fileRef = 0927ADE6FE0F4BE1BAE3D8D1 /* Montserrat-Medium.ttf */; };
		21C3F02362194E5B974E95FC /* Montserrat-Thin.ttf in Resources */ = {isa = PBXBuildFile; fileRef = 795C321582804EAB84A67C88 /* Montserrat-Thin.ttf */; };
		2841A65ABAF344A8BD59F0B3 /* Zocial.ttf in Resources */ = {isa = PBXBuildFile; fileRef = 1D6DDEB0268D4A449D3C154D /* Zocial.ttf */; };
		28D6452CD19A42DEA5A6B7F8 /* PermanentMarker-Regular.ttf in Resources */ = {isa = PBXBuildFile; fileRef = 1EC57DD0731A478281DEB2F4 /* PermanentMarker-Regular.ttf */; };
		2FBF3146524E4D5C846E41BB /* MaterialIcons.ttf in Resources */ = {isa = PBXBuildFile; fileRef = 0E29F990B6D8400F8ED99BC6 /* MaterialIcons.ttf */; };
		3248BAE89E6549F5BAADDC46 /* Fontisto.ttf in Resources */ = {isa = PBXBuildFile; fileRef = CA6EC13EB8E345F58FD58C6F /* Fontisto.ttf */; };
		4F3DAC5676C042168CA4C8B5 /* LeagueGothic-Italic.otf in Resources */ = {isa = PBXBuildFile; fileRef = 93C5F03F59454704A085DE9E /* LeagueGothic-Italic.otf */; };
		4F877689E137ADEAF047AA09 /* libPods-HiitTimer.a in Frameworks */ = {isa = PBXBuildFile; fileRef = EED9B37688A308E0485BB8E9 /* libPods-HiitTimer.a */; };
		50B1535951AB4C84A7B660ED /* Montserrat-SemiBold.ttf in Resources */ = {isa = PBXBuildFile; fileRef = D8A8149E28BE48F7A910F2DE /* Montserrat-SemiBold.ttf */; };
		51A60DF1CC174C97B7BB247F /* LeagueGothic-CondensedItalic.otf in Resources */ = {isa = PBXBuildFile; fileRef = AB36E061C3BA4F899B248D06 /* LeagueGothic-CondensedItalic.otf */; };
		52D42A249F874634A9858216 /* EvilIcons.ttf in Resources */ = {isa = PBXBuildFile; fileRef = CF901B5B6CC14B58B480EB71 /* EvilIcons.ttf */; };
		55610E0CF1BB4D00840127BF /* Montserrat-ExtraLight.ttf in Resources */ = {isa = PBXBuildFile; fileRef = BCFCDE689FF34DA1AB7FB87E /* Montserrat-ExtraLight.ttf */; };
		55D96DD1A916414A8EE30936 /* Montserrat-ExtraBold.ttf in Resources */ = {isa = PBXBuildFile; fileRef = 94C96E236B8F43D290BD49D7 /* Montserrat-ExtraBold.ttf */; };
		5C9DC9B2319E4CA99046C1D2 /* FontAwesome5_Brands.ttf in Resources */ = {isa = PBXBuildFile; fileRef = E15AF315401345739FA240FF /* FontAwesome5_Brands.ttf */; };
		6134A961F10E48F2A372E7C7 /* Octicons.ttf in Resources */ = {isa = PBXBuildFile; fileRef = 959B5D019BF14154849CA5A0 /* Octicons.ttf */; };
		654BA46FA55841AA8056CD6D /* Lato-HairlineItalic.ttf in Resources */ = {isa = PBXBuildFile; fileRef = 3A635F2BB26D4A94B20F1229 /* Lato-HairlineItalic.ttf */; };
		722CF6417BDE42E688F2778B /* Montserrat-ExtraLightItalic.ttf in Resources */ = {isa = PBXBuildFile; fileRef = D913B4CDE6E942F2B4BE969E /* Montserrat-ExtraLightItalic.ttf */; };
		775CA35B5EA748DDB153C490 /* FontAwesome.ttf in Resources */ = {isa = PBXBuildFile; fileRef = 55D9A862F0624523B253AFF3 /* FontAwesome.ttf */; };
		79FF191F6DBC493E93EC494F /* Lato-BlackItalic.ttf in Resources */ = {isa = PBXBuildFile; fileRef = DBF667DD09F34639BFAE6A08 /* Lato-BlackItalic.ttf */; };
		7B3C25BFA2D84E0D9F7DA246 /* Pacifico-Regular.ttf in Resources */ = {isa = PBXBuildFile; fileRef = 52F2237D029B416AA98C1032 /* Pacifico-Regular.ttf */; };
		80DB85AC290D46A5AF8E750B /* Lato-BoldItalic.ttf in Resources */ = {isa = PBXBuildFile; fileRef = F055CEFA7D994993810B61BA /* Lato-BoldItalic.ttf */; };
		84774623B6AF42B083BF5F68 /* Montserrat-Regular.ttf in Resources */ = {isa = PBXBuildFile; fileRef = 81DC7C1B32B641D59F7F8945 /* Montserrat-Regular.ttf */; };
		84A0ED71507049DC975D3569 /* Entypo.ttf in Resources */ = {isa = PBXBuildFile; fileRef = EFA46CEDC9DF4D308729EAD4 /* Entypo.ttf */; };
		85321AB2ADB04CFEB750E1CA /* Lato-Bold.ttf in Resources */ = {isa = PBXBuildFile; fileRef = 4CF37B468621425686E84792 /* Lato-Bold.ttf */; };
		8AC96912882144679A0D45CD /* Bangers-Regular.ttf in Resources */ = {isa = PBXBuildFile; fileRef = C17EB1ADA2444209B2E9A5A7 /* Bangers-Regular.ttf */; };
		8AC9AD2E9D4A4203BE56154B /* FontAwesome5_Solid.ttf in Resources */ = {isa = PBXBuildFile; fileRef = 48C5D87CF1024CC491BB5DE7 /* FontAwesome5_Solid.ttf */; };
		90F1434C13B541B092158D28 /* Lato-LightItalic.ttf in Resources */ = {isa = PBXBuildFile; fileRef = 7CFA049DDA2D449F817756A0 /* Lato-LightItalic.ttf */; };
		91D4EEC2A2D94F148B082C4D /* Montserrat-ExtraBoldItalic.ttf in Resources */ = {isa = PBXBuildFile; fileRef = 8943E31903A7474DB920BE64 /* Montserrat-ExtraBoldItalic.ttf */; };
		97DAAA3005794E548821C6AD /* icomoon.ttf in Resources */ = {isa = PBXBuildFile; fileRef = AB4AF66942B04CCC9EBFB68E /* icomoon.ttf */; };
		9850A8E7AF28430BBC30B088 /* MaterialCommunityIcons.ttf in Resources */ = {isa = PBXBuildFile; fileRef = 32A750F0605F4D7B8C17A904 /* MaterialCommunityIcons.ttf */; };
		9DA643776A2A4D14B7ECAAA3 /* SimpleLineIcons.ttf in Resources */ = {isa = PBXBuildFile; fileRef = E18F9A99F0B046B191068080 /* SimpleLineIcons.ttf */; };
		A607D8D908C34F118455B7B3 /* LeagueGothic-Regular.otf in Resources */ = {isa = PBXBuildFile; fileRef = A9987B47E4F443F7BA92687E /* LeagueGothic-Regular.otf */; };
		AB35F7A276464F54B453A55D /* Foundation.ttf in Resources */ = {isa = PBXBuildFile; fileRef = E128C01A2EC44A148CE6BA91 /* Foundation.ttf */; };
		AEF32CD0C730428EBBDAF514 /* Montserrat-Black.ttf in Resources */ = {isa = PBXBuildFile; fileRef = A311E90638B344898EDA9799 /* Montserrat-Black.ttf */; };
		B2F66092CA2442948C841D8A /* Montserrat-BoldItalic.ttf in Resources */ = {isa = PBXBuildFile; fileRef = 7F092A63912145ABA981E1E7 /* Montserrat-BoldItalic.ttf */; };
		BA1B0E28ABC94881885F318B /* Montserrat-Bold.ttf in Resources */ = {isa = PBXBuildFile; fileRef = 7ACA920B75B04834BF47709E /* Montserrat-Bold.ttf */; };
		BDB176EBB02F4D8082097B4D /* Montserrat-SemiBoldItalic.ttf in Resources */ = {isa = PBXBuildFile; fileRef = A9B485E502F2455A9378805C /* Montserrat-SemiBoldItalic.ttf */; };
		BF14B571086640A58778AB1B /* Lato-Black.ttf in Resources */ = {isa = PBXBuildFile; fileRef = 5A80A31BEF23483DA8ADDA57 /* Lato-Black.ttf */; };
		C1FE4DD622FCE54E002438EC /* File.swift in Sources */ = {isa = PBXBuildFile; fileRef = C1FE4DD522FCE54E002438EC /* File.swift */; };
		C5B866FE1DF14C2AAAC5B25D /* Montserrat-Light.ttf in Resources */ = {isa = PBXBuildFile; fileRef = 113A19259FDE4A83B4655D5D /* Montserrat-Light.ttf */; };
		CE9F619F88A14AE8A5C3688A /* Lato-Light.ttf in Resources */ = {isa = PBXBuildFile; fileRef = 88B18AB7DE6344418F59BBDF /* Lato-Light.ttf */; };
		DD6DBBA15B014700A1133D87 /* Feather.ttf in Resources */ = {isa = PBXBuildFile; fileRef = 0E88F8BBF0BA4709A1701FA2 /* Feather.ttf */; };
		E65F5F4164134451AA9AEC8C /* Lato-Regular.ttf in Resources */ = {isa = PBXBuildFile; fileRef = 644D139B2B034700A7ECC76B /* Lato-Regular.ttf */; };
		EE8056B07CBF4776BF7A57CD /* Ionicons.ttf in Resources */ = {isa = PBXBuildFile; fileRef = 6AC031EE0ED448398BE0B5D4 /* Ionicons.ttf */; };
		F3EE1341D21049B5A169E22E /* Montserrat-ThinItalic.ttf in Resources */ = {isa = PBXBuildFile; fileRef = 76B6CA998FAE469F970EE743 /* Montserrat-ThinItalic.ttf */; };
		FC4B24B0C3A6467B9D164ACA /* Lato-Hairline.ttf in Resources */ = {isa = PBXBuildFile; fileRef = 33347C5A88DB4C0ABD3A355C /* Lato-Hairline.ttf */; };
		FE6C5E33387F4DF99B1F37DE /* FontAwesome5_Regular.ttf in Resources */ = {isa = PBXBuildFile; fileRef = 932805C27BDF42B69653FE90 /* FontAwesome5_Regular.ttf */; };
/* End PBXBuildFile section */

/* Begin PBXFileReference section */
		008F07F21AC5B25A0029DE68 /* main.jsbundle */ = {isa = PBXFileReference; fileEncoding = 4; lastKnownFileType = text; path = main.jsbundle; sourceTree = "<group>"; };
		00E356F11AD99517003FC87E /* Info.plist */ = {isa = PBXFileReference; lastKnownFileType = text.plist.xml; path = Info.plist; sourceTree = "<group>"; };
		00E356F21AD99517003FC87E /* HiitTimerTests.m */ = {isa = PBXFileReference; lastKnownFileType = sourcecode.c.objc; path = HiitTimerTests.m; sourceTree = "<group>"; };
		02DC7D9A6E0142E08B5DD296 /* Montserrat-Italic.ttf */ = {isa = PBXFileReference; explicitFileType = undefined; fileEncoding = 9; includeInIndex = 0; lastKnownFileType = unknown; name = "Montserrat-Italic.ttf"; path = "../assets/fonts/Montserrat/Montserrat-Italic.ttf"; sourceTree = "<group>"; };
		0927ADE6FE0F4BE1BAE3D8D1 /* Montserrat-Medium.ttf */ = {isa = PBXFileReference; explicitFileType = undefined; fileEncoding = 9; includeInIndex = 0; lastKnownFileType = unknown; name = "Montserrat-Medium.ttf"; path = "../assets/fonts/Montserrat/Montserrat-Medium.ttf"; sourceTree = "<group>"; };
		0E29F990B6D8400F8ED99BC6 /* MaterialIcons.ttf */ = {isa = PBXFileReference; explicitFileType = undefined; fileEncoding = 9; includeInIndex = 0; lastKnownFileType = unknown; name = MaterialIcons.ttf; path = "../node_modules/react-native-vector-icons/Fonts/MaterialIcons.ttf"; sourceTree = "<group>"; };
		0E88F8BBF0BA4709A1701FA2 /* Feather.ttf */ = {isa = PBXFileReference; explicitFileType = undefined; fileEncoding = 9; includeInIndex = 0; lastKnownFileType = unknown; name = Feather.ttf; path = "../node_modules/react-native-vector-icons/Fonts/Feather.ttf"; sourceTree = "<group>"; };
		113A19259FDE4A83B4655D5D /* Montserrat-Light.ttf */ = {isa = PBXFileReference; explicitFileType = undefined; fileEncoding = 9; includeInIndex = 0; lastKnownFileType = unknown; name = "Montserrat-Light.ttf"; path = "../assets/fonts/Montserrat/Montserrat-Light.ttf"; sourceTree = "<group>"; };
		125379E3B3874ED3A718E4C1 /* Lato-Italic.ttf */ = {isa = PBXFileReference; explicitFileType = undefined; fileEncoding = 9; includeInIndex = 0; lastKnownFileType = unknown; name = "Lato-Italic.ttf"; path = "../assets/fonts/Lato/Lato-Italic.ttf"; sourceTree = "<group>"; };
		13B07F961A680F5B00A75B9A /* HiitTimer.app */ = {isa = PBXFileReference; explicitFileType = wrapper.application; includeInIndex = 0; path = HiitTimer.app; sourceTree = BUILT_PRODUCTS_DIR; };
		13B07FAF1A68108700A75B9A /* AppDelegate.h */ = {isa = PBXFileReference; fileEncoding = 4; lastKnownFileType = sourcecode.c.h; name = AppDelegate.h; path = HiitTimer/AppDelegate.h; sourceTree = "<group>"; };
		13B07FB01A68108700A75B9A /* AppDelegate.m */ = {isa = PBXFileReference; fileEncoding = 4; lastKnownFileType = sourcecode.c.objc; name = AppDelegate.m; path = HiitTimer/AppDelegate.m; sourceTree = "<group>"; };
		13B07FB21A68108700A75B9A /* Base */ = {isa = PBXFileReference; lastKnownFileType = file.xib; name = Base; path = Base.lproj/LaunchScreen.xib; sourceTree = "<group>"; };
		13B07FB51A68108700A75B9A /* Images.xcassets */ = {isa = PBXFileReference; lastKnownFileType = folder.assetcatalog; name = Images.xcassets; path = HiitTimer/Images.xcassets; sourceTree = "<group>"; };
		13B07FB61A68108700A75B9A /* Info.plist */ = {isa = PBXFileReference; fileEncoding = 4; lastKnownFileType = text.plist.xml; name = Info.plist; path = HiitTimer/Info.plist; sourceTree = "<group>"; };
		13B07FB71A68108700A75B9A /* main.m */ = {isa = PBXFileReference; fileEncoding = 4; lastKnownFileType = sourcecode.c.objc; name = main.m; path = HiitTimer/main.m; sourceTree = "<group>"; };
		1D6DDEB0268D4A449D3C154D /* Zocial.ttf */ = {isa = PBXFileReference; explicitFileType = undefined; fileEncoding = 9; includeInIndex = 0; lastKnownFileType = unknown; name = Zocial.ttf; path = "../node_modules/react-native-vector-icons/Fonts/Zocial.ttf"; sourceTree = "<group>"; };
		1EC57DD0731A478281DEB2F4 /* PermanentMarker-Regular.ttf */ = {isa = PBXFileReference; explicitFileType = undefined; fileEncoding = 9; includeInIndex = 0; lastKnownFileType = unknown; name = "PermanentMarker-Regular.ttf"; path = "../assets/fonts/Permanent_Marker/PermanentMarker-Regular.ttf"; sourceTree = "<group>"; };
		30BBB2DA865B0B483DF82B3E /* Pods-HiitTimerTests.debug.xcconfig */ = {isa = PBXFileReference; includeInIndex = 1; lastKnownFileType = text.xcconfig; name = "Pods-HiitTimerTests.debug.xcconfig"; path = "Target Support Files/Pods-HiitTimerTests/Pods-HiitTimerTests.debug.xcconfig"; sourceTree = "<group>"; };
		32A750F0605F4D7B8C17A904 /* MaterialCommunityIcons.ttf */ = {isa = PBXFileReference; explicitFileType = undefined; fileEncoding = 9; includeInIndex = 0; lastKnownFileType = unknown; name = MaterialCommunityIcons.ttf; path = "../node_modules/react-native-vector-icons/Fonts/MaterialCommunityIcons.ttf"; sourceTree = "<group>"; };
		33347C5A88DB4C0ABD3A355C /* Lato-Hairline.ttf */ = {isa = PBXFileReference; explicitFileType = undefined; fileEncoding = 9; includeInIndex = 0; lastKnownFileType = unknown; name = "Lato-Hairline.ttf"; path = "../assets/fonts/Lato/Lato-Hairline.ttf"; sourceTree = "<group>"; };
		37B40AA3D2098A56F4D06466 /* Pods-HiitTimerTests.release.xcconfig */ = {isa = PBXFileReference; includeInIndex = 1; lastKnownFileType = text.xcconfig; name = "Pods-HiitTimerTests.release.xcconfig"; path = "Target Support Files/Pods-HiitTimerTests/Pods-HiitTimerTests.release.xcconfig"; sourceTree = "<group>"; };
		3A635F2BB26D4A94B20F1229 /* Lato-HairlineItalic.ttf */ = {isa = PBXFileReference; explicitFileType = undefined; fileEncoding = 9; includeInIndex = 0; lastKnownFileType = unknown; name = "Lato-HairlineItalic.ttf"; path = "../assets/fonts/Lato/Lato-HairlineItalic.ttf"; sourceTree = "<group>"; };
		3C2C60B6E3986DC850C30681 /* libPods-HiitTimer-tvOS.a */ = {isa = PBXFileReference; explicitFileType = archive.ar; includeInIndex = 0; path = "libPods-HiitTimer-tvOS.a"; sourceTree = BUILT_PRODUCTS_DIR; };
		48C5D87CF1024CC491BB5DE7 /* FontAwesome5_Solid.ttf */ = {isa = PBXFileReference; explicitFileType = undefined; fileEncoding = 9; includeInIndex = 0; lastKnownFileType = unknown; name = FontAwesome5_Solid.ttf; path = "../node_modules/react-native-vector-icons/Fonts/FontAwesome5_Solid.ttf"; sourceTree = "<group>"; };
		4CF37B468621425686E84792 /* Lato-Bold.ttf */ = {isa = PBXFileReference; explicitFileType = undefined; fileEncoding = 9; includeInIndex = 0; lastKnownFileType = unknown; name = "Lato-Bold.ttf"; path = "../assets/fonts/Lato/Lato-Bold.ttf"; sourceTree = "<group>"; };
		52F2237D029B416AA98C1032 /* Pacifico-Regular.ttf */ = {isa = PBXFileReference; explicitFileType = undefined; fileEncoding = 9; includeInIndex = 0; lastKnownFileType = unknown; name = "Pacifico-Regular.ttf"; path = "../assets/fonts/Pacifico/Pacifico-Regular.ttf"; sourceTree = "<group>"; };
		55D9A862F0624523B253AFF3 /* FontAwesome.ttf */ = {isa = PBXFileReference; explicitFileType = undefined; fileEncoding = 9; includeInIndex = 0; lastKnownFileType = unknown; name = FontAwesome.ttf; path = "../node_modules/react-native-vector-icons/Fonts/FontAwesome.ttf"; sourceTree = "<group>"; };
		5A80A31BEF23483DA8ADDA57 /* Lato-Black.ttf */ = {isa = PBXFileReference; explicitFileType = undefined; fileEncoding = 9; includeInIndex = 0; lastKnownFileType = unknown; name = "Lato-Black.ttf"; path = "../assets/fonts/Lato/Lato-Black.ttf"; sourceTree = "<group>"; };
		5D912FB90FA94E908643587C /* Montserrat-LightItalic.ttf */ = {isa = PBXFileReference; explicitFileType = undefined; fileEncoding = 9; includeInIndex = 0; lastKnownFileType = unknown; name = "Montserrat-LightItalic.ttf"; path = "../assets/fonts/Montserrat/Montserrat-LightItalic.ttf"; sourceTree = "<group>"; };
		644D139B2B034700A7ECC76B /* Lato-Regular.ttf */ = {isa = PBXFileReference; explicitFileType = undefined; fileEncoding = 9; includeInIndex = 0; lastKnownFileType = unknown; name = "Lato-Regular.ttf"; path = "../assets/fonts/Lato/Lato-Regular.ttf"; sourceTree = "<group>"; };
		66363B6E68064CE2BE8051DA /* Pods-HiitTimer.release.xcconfig */ = {isa = PBXFileReference; includeInIndex = 1; lastKnownFileType = text.xcconfig; name = "Pods-HiitTimer.release.xcconfig"; path = "Target Support Files/Pods-HiitTimer/Pods-HiitTimer.release.xcconfig"; sourceTree = "<group>"; };
		6AC031EE0ED448398BE0B5D4 /* Ionicons.ttf */ = {isa = PBXFileReference; explicitFileType = undefined; fileEncoding = 9; includeInIndex = 0; lastKnownFileType = unknown; name = Ionicons.ttf; path = "../node_modules/react-native-vector-icons/Fonts/Ionicons.ttf"; sourceTree = "<group>"; };
		745C03B0030647898D977832 /* Montserrat-BlackItalic.ttf */ = {isa = PBXFileReference; explicitFileType = undefined; fileEncoding = 9; includeInIndex = 0; lastKnownFileType = unknown; name = "Montserrat-BlackItalic.ttf"; path = "../assets/fonts/Montserrat/Montserrat-BlackItalic.ttf"; sourceTree = "<group>"; };
		76B6CA998FAE469F970EE743 /* Montserrat-ThinItalic.ttf */ = {isa = PBXFileReference; explicitFileType = undefined; fileEncoding = 9; includeInIndex = 0; lastKnownFileType = unknown; name = "Montserrat-ThinItalic.ttf"; path = "../assets/fonts/Montserrat/Montserrat-ThinItalic.ttf"; sourceTree = "<group>"; };
		795C321582804EAB84A67C88 /* Montserrat-Thin.ttf */ = {isa = PBXFileReference; explicitFileType = undefined; fileEncoding = 9; includeInIndex = 0; lastKnownFileType = unknown; name = "Montserrat-Thin.ttf"; path = "../assets/fonts/Montserrat/Montserrat-Thin.ttf"; sourceTree = "<group>"; };
		7ACA920B75B04834BF47709E /* Montserrat-Bold.ttf */ = {isa = PBXFileReference; explicitFileType = undefined; fileEncoding = 9; includeInIndex = 0; lastKnownFileType = unknown; name = "Montserrat-Bold.ttf"; path = "../assets/fonts/Montserrat/Montserrat-Bold.ttf"; sourceTree = "<group>"; };
		7CFA049DDA2D449F817756A0 /* Lato-LightItalic.ttf */ = {isa = PBXFileReference; explicitFileType = undefined; fileEncoding = 9; includeInIndex = 0; lastKnownFileType = unknown; name = "Lato-LightItalic.ttf"; path = "../assets/fonts/Lato/Lato-LightItalic.ttf"; sourceTree = "<group>"; };
		7F092A63912145ABA981E1E7 /* Montserrat-BoldItalic.ttf */ = {isa = PBXFileReference; explicitFileType = undefined; fileEncoding = 9; includeInIndex = 0; lastKnownFileType = unknown; name = "Montserrat-BoldItalic.ttf"; path = "../assets/fonts/Montserrat/Montserrat-BoldItalic.ttf"; sourceTree = "<group>"; };
		81DC7C1B32B641D59F7F8945 /* Montserrat-Regular.ttf */ = {isa = PBXFileReference; explicitFileType = undefined; fileEncoding = 9; includeInIndex = 0; lastKnownFileType = unknown; name = "Montserrat-Regular.ttf"; path = "../assets/fonts/Montserrat/Montserrat-Regular.ttf"; sourceTree = "<group>"; };
		88B18AB7DE6344418F59BBDF /* Lato-Light.ttf */ = {isa = PBXFileReference; explicitFileType = undefined; fileEncoding = 9; includeInIndex = 0; lastKnownFileType = unknown; name = "Lato-Light.ttf"; path = "../assets/fonts/Lato/Lato-Light.ttf"; sourceTree = "<group>"; };
		88C6F33006F94E003D937BA3 /* Pods-HiitTimer-tvOSTests.debug.xcconfig */ = {isa = PBXFileReference; includeInIndex = 1; lastKnownFileType = text.xcconfig; name = "Pods-HiitTimer-tvOSTests.debug.xcconfig"; path = "Target Support Files/Pods-HiitTimer-tvOSTests/Pods-HiitTimer-tvOSTests.debug.xcconfig"; sourceTree = "<group>"; };
		8943E31903A7474DB920BE64 /* Montserrat-ExtraBoldItalic.ttf */ = {isa = PBXFileReference; explicitFileType = undefined; fileEncoding = 9; includeInIndex = 0; lastKnownFileType = unknown; name = "Montserrat-ExtraBoldItalic.ttf"; path = "../assets/fonts/Montserrat/Montserrat-ExtraBoldItalic.ttf"; sourceTree = "<group>"; };
		8B497767A1616870F9A930E6 /* Pods-HiitTimer-tvOS.release.xcconfig */ = {isa = PBXFileReference; includeInIndex = 1; lastKnownFileType = text.xcconfig; name = "Pods-HiitTimer-tvOS.release.xcconfig"; path = "Target Support Files/Pods-HiitTimer-tvOS/Pods-HiitTimer-tvOS.release.xcconfig"; sourceTree = "<group>"; };
		8FE7A5FBF94C245DD6168406 /* Pods-HiitTimer-tvOS.debug.xcconfig */ = {isa = PBXFileReference; includeInIndex = 1; lastKnownFileType = text.xcconfig; name = "Pods-HiitTimer-tvOS.debug.xcconfig"; path = "Target Support Files/Pods-HiitTimer-tvOS/Pods-HiitTimer-tvOS.debug.xcconfig"; sourceTree = "<group>"; };
		932805C27BDF42B69653FE90 /* FontAwesome5_Regular.ttf */ = {isa = PBXFileReference; explicitFileType = undefined; fileEncoding = 9; includeInIndex = 0; lastKnownFileType = unknown; name = FontAwesome5_Regular.ttf; path = "../node_modules/react-native-vector-icons/Fonts/FontAwesome5_Regular.ttf"; sourceTree = "<group>"; };
		93C5F03F59454704A085DE9E /* LeagueGothic-Italic.otf */ = {isa = PBXFileReference; explicitFileType = undefined; fileEncoding = 9; includeInIndex = 0; lastKnownFileType = unknown; name = "LeagueGothic-Italic.otf"; path = "../assets/fonts/LeagueGothic/LeagueGothic-Italic.otf"; sourceTree = "<group>"; };
		94C96E236B8F43D290BD49D7 /* Montserrat-ExtraBold.ttf */ = {isa = PBXFileReference; explicitFileType = undefined; fileEncoding = 9; includeInIndex = 0; lastKnownFileType = unknown; name = "Montserrat-ExtraBold.ttf"; path = "../assets/fonts/Montserrat/Montserrat-ExtraBold.ttf"; sourceTree = "<group>"; };
		959B5D019BF14154849CA5A0 /* Octicons.ttf */ = {isa = PBXFileReference; explicitFileType = undefined; fileEncoding = 9; includeInIndex = 0; lastKnownFileType = unknown; name = Octicons.ttf; path = "../node_modules/react-native-vector-icons/Fonts/Octicons.ttf"; sourceTree = "<group>"; };
		A311E90638B344898EDA9799 /* Montserrat-Black.ttf */ = {isa = PBXFileReference; explicitFileType = undefined; fileEncoding = 9; includeInIndex = 0; lastKnownFileType = unknown; name = "Montserrat-Black.ttf"; path = "../assets/fonts/Montserrat/Montserrat-Black.ttf"; sourceTree = "<group>"; };
		A9987B47E4F443F7BA92687E /* LeagueGothic-Regular.otf */ = {isa = PBXFileReference; explicitFileType = undefined; fileEncoding = 9; includeInIndex = 0; lastKnownFileType = unknown; name = "LeagueGothic-Regular.otf"; path = "../assets/fonts/LeagueGothic/LeagueGothic-Regular.otf"; sourceTree = "<group>"; };
		A9B485E502F2455A9378805C /* Montserrat-SemiBoldItalic.ttf */ = {isa = PBXFileReference; explicitFileType = undefined; fileEncoding = 9; includeInIndex = 0; lastKnownFileType = unknown; name = "Montserrat-SemiBoldItalic.ttf"; path = "../assets/fonts/Montserrat/Montserrat-SemiBoldItalic.ttf"; sourceTree = "<group>"; };
		AB36E061C3BA4F899B248D06 /* LeagueGothic-CondensedItalic.otf */ = {isa = PBXFileReference; explicitFileType = undefined; fileEncoding = 9; includeInIndex = 0; lastKnownFileType = unknown; name = "LeagueGothic-CondensedItalic.otf"; path = "../assets/fonts/LeagueGothic/LeagueGothic-CondensedItalic.otf"; sourceTree = "<group>"; };
		AB4AF66942B04CCC9EBFB68E /* icomoon.ttf */ = {isa = PBXFileReference; explicitFileType = undefined; fileEncoding = 9; includeInIndex = 0; lastKnownFileType = unknown; name = icomoon.ttf; path = ../assets/fonts/CustomIconMoon/icomoon.ttf; sourceTree = "<group>"; };
		AC2B245DB04F4F518352F603 /* LeagueGothic-CondensedRegular.otf */ = {isa = PBXFileReference; explicitFileType = undefined; fileEncoding = 9; includeInIndex = 0; lastKnownFileType = unknown; name = "LeagueGothic-CondensedRegular.otf"; path = "../assets/fonts/LeagueGothic/LeagueGothic-CondensedRegular.otf"; sourceTree = "<group>"; };
		BCFCDE689FF34DA1AB7FB87E /* Montserrat-ExtraLight.ttf */ = {isa = PBXFileReference; explicitFileType = undefined; fileEncoding = 9; includeInIndex = 0; lastKnownFileType = unknown; name = "Montserrat-ExtraLight.ttf"; path = "../assets/fonts/Montserrat/Montserrat-ExtraLight.ttf"; sourceTree = "<group>"; };
		BE25DE870D166E1EC70088CF /* Pods-HiitTimer-tvOSTests.release.xcconfig */ = {isa = PBXFileReference; includeInIndex = 1; lastKnownFileType = text.xcconfig; name = "Pods-HiitTimer-tvOSTests.release.xcconfig"; path = "Target Support Files/Pods-HiitTimer-tvOSTests/Pods-HiitTimer-tvOSTests.release.xcconfig"; sourceTree = "<group>"; };
		C17EB1ADA2444209B2E9A5A7 /* Bangers-Regular.ttf */ = {isa = PBXFileReference; explicitFileType = undefined; fileEncoding = 9; includeInIndex = 0; lastKnownFileType = unknown; name = "Bangers-Regular.ttf"; path = "../assets/fonts/Bangers/Bangers-Regular.ttf"; sourceTree = "<group>"; };
		C1FE4DD422FCE54E002438EC /* HiitTimer-Bridging-Header.h */ = {isa = PBXFileReference; lastKnownFileType = sourcecode.c.h; path = "HiitTimer-Bridging-Header.h"; sourceTree = "<group>"; };
		C1FE4DD522FCE54E002438EC /* File.swift */ = {isa = PBXFileReference; lastKnownFileType = sourcecode.swift; path = File.swift; sourceTree = "<group>"; };
		C2566BD0E5274A91A9F30929 /* Montserrat-MediumItalic.ttf */ = {isa = PBXFileReference; explicitFileType = undefined; fileEncoding = 9; includeInIndex = 0; lastKnownFileType = unknown; name = "Montserrat-MediumItalic.ttf"; path = "../assets/fonts/Montserrat/Montserrat-MediumItalic.ttf"; sourceTree = "<group>"; };
		CA6EC13EB8E345F58FD58C6F /* Fontisto.ttf */ = {isa = PBXFileReference; explicitFileType = undefined; fileEncoding = 9; includeInIndex = 0; lastKnownFileType = unknown; name = Fontisto.ttf; path = "../node_modules/react-native-vector-icons/Fonts/Fontisto.ttf"; sourceTree = "<group>"; };
		CF901B5B6CC14B58B480EB71 /* EvilIcons.ttf */ = {isa = PBXFileReference; explicitFileType = undefined; fileEncoding = 9; includeInIndex = 0; lastKnownFileType = unknown; name = EvilIcons.ttf; path = "../node_modules/react-native-vector-icons/Fonts/EvilIcons.ttf"; sourceTree = "<group>"; };
		D8A8149E28BE48F7A910F2DE /* Montserrat-SemiBold.ttf */ = {isa = PBXFileReference; explicitFileType = undefined; fileEncoding = 9; includeInIndex = 0; lastKnownFileType = unknown; name = "Montserrat-SemiBold.ttf"; path = "../assets/fonts/Montserrat/Montserrat-SemiBold.ttf"; sourceTree = "<group>"; };
		D913B4CDE6E942F2B4BE969E /* Montserrat-ExtraLightItalic.ttf */ = {isa = PBXFileReference; explicitFileType = undefined; fileEncoding = 9; includeInIndex = 0; lastKnownFileType = unknown; name = "Montserrat-ExtraLightItalic.ttf"; path = "../assets/fonts/Montserrat/Montserrat-ExtraLightItalic.ttf"; sourceTree = "<group>"; };
		DBF667DD09F34639BFAE6A08 /* Lato-BlackItalic.ttf */ = {isa = PBXFileReference; explicitFileType = undefined; fileEncoding = 9; includeInIndex = 0; lastKnownFileType = unknown; name = "Lato-BlackItalic.ttf"; path = "../assets/fonts/Lato/Lato-BlackItalic.ttf"; sourceTree = "<group>"; };
		E057984E8A87619214472FFA /* libPods-HiitTimer-tvOSTests.a */ = {isa = PBXFileReference; explicitFileType = archive.ar; includeInIndex = 0; path = "libPods-HiitTimer-tvOSTests.a"; sourceTree = BUILT_PRODUCTS_DIR; };
		E128C01A2EC44A148CE6BA91 /* Foundation.ttf */ = {isa = PBXFileReference; explicitFileType = undefined; fileEncoding = 9; includeInIndex = 0; lastKnownFileType = unknown; name = Foundation.ttf; path = "../node_modules/react-native-vector-icons/Fonts/Foundation.ttf"; sourceTree = "<group>"; };
		E15AF315401345739FA240FF /* FontAwesome5_Brands.ttf */ = {isa = PBXFileReference; explicitFileType = undefined; fileEncoding = 9; includeInIndex = 0; lastKnownFileType = unknown; name = FontAwesome5_Brands.ttf; path = "../node_modules/react-native-vector-icons/Fonts/FontAwesome5_Brands.ttf"; sourceTree = "<group>"; };
		E18F9A99F0B046B191068080 /* SimpleLineIcons.ttf */ = {isa = PBXFileReference; explicitFileType = undefined; fileEncoding = 9; includeInIndex = 0; lastKnownFileType = unknown; name = SimpleLineIcons.ttf; path = "../node_modules/react-native-vector-icons/Fonts/SimpleLineIcons.ttf"; sourceTree = "<group>"; };
		ED297162215061F000B7C4FE /* JavaScriptCore.framework */ = {isa = PBXFileReference; lastKnownFileType = wrapper.framework; name = JavaScriptCore.framework; path = System/Library/Frameworks/JavaScriptCore.framework; sourceTree = SDKROOT; };
		ED2971642150620600B7C4FE /* JavaScriptCore.framework */ = {isa = PBXFileReference; lastKnownFileType = wrapper.framework; name = JavaScriptCore.framework; path = Platforms/AppleTVOS.platform/Developer/SDKs/AppleTVOS12.0.sdk/System/Library/Frameworks/JavaScriptCore.framework; sourceTree = DEVELOPER_DIR; };
		EED9B37688A308E0485BB8E9 /* libPods-HiitTimer.a */ = {isa = PBXFileReference; explicitFileType = archive.ar; includeInIndex = 0; path = "libPods-HiitTimer.a"; sourceTree = BUILT_PRODUCTS_DIR; };
		EFA46CEDC9DF4D308729EAD4 /* Entypo.ttf */ = {isa = PBXFileReference; explicitFileType = undefined; fileEncoding = 9; includeInIndex = 0; lastKnownFileType = unknown; name = Entypo.ttf; path = "../node_modules/react-native-vector-icons/Fonts/Entypo.ttf"; sourceTree = "<group>"; };
		F055CEFA7D994993810B61BA /* Lato-BoldItalic.ttf */ = {isa = PBXFileReference; explicitFileType = undefined; fileEncoding = 9; includeInIndex = 0; lastKnownFileType = unknown; name = "Lato-BoldItalic.ttf"; path = "../assets/fonts/Lato/Lato-BoldItalic.ttf"; sourceTree = "<group>"; };
		F0F4697EB31C2390017B3A6C /* libPods-HiitTimerTests.a */ = {isa = PBXFileReference; explicitFileType = archive.ar; includeInIndex = 0; path = "libPods-HiitTimerTests.a"; sourceTree = BUILT_PRODUCTS_DIR; };
		F1AF26850B6CC6708C919833 /* Pods-HiitTimer.debug.xcconfig */ = {isa = PBXFileReference; includeInIndex = 1; lastKnownFileType = text.xcconfig; name = "Pods-HiitTimer.debug.xcconfig"; path = "Target Support Files/Pods-HiitTimer/Pods-HiitTimer.debug.xcconfig"; sourceTree = "<group>"; };
		FAA7FF8B99C0498E8D1E7005 /* AntDesign.ttf */ = {isa = PBXFileReference; explicitFileType = undefined; fileEncoding = 9; includeInIndex = 0; lastKnownFileType = unknown; name = AntDesign.ttf; path = "../node_modules/react-native-vector-icons/Fonts/AntDesign.ttf"; sourceTree = "<group>"; };
/* End PBXFileReference section */

/* Begin PBXFrameworksBuildPhase section */
		13B07F8C1A680F5B00A75B9A /* Frameworks */ = {
			isa = PBXFrameworksBuildPhase;
			buildActionMask = 2147483647;
			files = (
				4F877689E137ADEAF047AA09 /* libPods-HiitTimer.a in Frameworks */,
			);
			runOnlyForDeploymentPostprocessing = 0;
		};
/* End PBXFrameworksBuildPhase section */

/* Begin PBXGroup section */
		00E356EF1AD99517003FC87E /* HiitTimerTests */ = {
			isa = PBXGroup;
			children = (
				00E356F21AD99517003FC87E /* HiitTimerTests.m */,
				00E356F01AD99517003FC87E /* Supporting Files */,
			);
			path = HiitTimerTests;
			sourceTree = "<group>";
		};
		00E356F01AD99517003FC87E /* Supporting Files */ = {
			isa = PBXGroup;
			children = (
				00E356F11AD99517003FC87E /* Info.plist */,
			);
			name = "Supporting Files";
			sourceTree = "<group>";
		};
		13B07FAE1A68108700A75B9A /* HiitTimer */ = {
			isa = PBXGroup;
			children = (
				008F07F21AC5B25A0029DE68 /* main.jsbundle */,
				13B07FAF1A68108700A75B9A /* AppDelegate.h */,
				13B07FB01A68108700A75B9A /* AppDelegate.m */,
				13B07FB51A68108700A75B9A /* Images.xcassets */,
				13B07FB61A68108700A75B9A /* Info.plist */,
				13B07FB11A68108700A75B9A /* LaunchScreen.xib */,
				13B07FB71A68108700A75B9A /* main.m */,
			);
			name = HiitTimer;
			sourceTree = "<group>";
		};
		2D16E6871FA4F8E400B85C8A /* Frameworks */ = {
			isa = PBXGroup;
			children = (
				ED297162215061F000B7C4FE /* JavaScriptCore.framework */,
				ED2971642150620600B7C4FE /* JavaScriptCore.framework */,
				EED9B37688A308E0485BB8E9 /* libPods-HiitTimer.a */,
				3C2C60B6E3986DC850C30681 /* libPods-HiitTimer-tvOS.a */,
				E057984E8A87619214472FFA /* libPods-HiitTimer-tvOSTests.a */,
				F0F4697EB31C2390017B3A6C /* libPods-HiitTimerTests.a */,
			);
			name = Frameworks;
			sourceTree = "<group>";
		};
		37F1BC222BC841AFBAA2E10A /* Resources */ = {
			isa = PBXGroup;
			children = (
				AB36E061C3BA4F899B248D06 /* LeagueGothic-CondensedItalic.otf */,
				AC2B245DB04F4F518352F603 /* LeagueGothic-CondensedRegular.otf */,
				93C5F03F59454704A085DE9E /* LeagueGothic-Italic.otf */,
				A9987B47E4F443F7BA92687E /* LeagueGothic-Regular.otf */,
				C17EB1ADA2444209B2E9A5A7 /* Bangers-Regular.ttf */,
				52F2237D029B416AA98C1032 /* Pacifico-Regular.ttf */,
				1EC57DD0731A478281DEB2F4 /* PermanentMarker-Regular.ttf */,
				AB4AF66942B04CCC9EBFB68E /* icomoon.ttf */,
				5A80A31BEF23483DA8ADDA57 /* Lato-Black.ttf */,
				DBF667DD09F34639BFAE6A08 /* Lato-BlackItalic.ttf */,
				4CF37B468621425686E84792 /* Lato-Bold.ttf */,
				F055CEFA7D994993810B61BA /* Lato-BoldItalic.ttf */,
				33347C5A88DB4C0ABD3A355C /* Lato-Hairline.ttf */,
				3A635F2BB26D4A94B20F1229 /* Lato-HairlineItalic.ttf */,
				125379E3B3874ED3A718E4C1 /* Lato-Italic.ttf */,
				88B18AB7DE6344418F59BBDF /* Lato-Light.ttf */,
				7CFA049DDA2D449F817756A0 /* Lato-LightItalic.ttf */,
				644D139B2B034700A7ECC76B /* Lato-Regular.ttf */,
				A311E90638B344898EDA9799 /* Montserrat-Black.ttf */,
				745C03B0030647898D977832 /* Montserrat-BlackItalic.ttf */,
				7ACA920B75B04834BF47709E /* Montserrat-Bold.ttf */,
				7F092A63912145ABA981E1E7 /* Montserrat-BoldItalic.ttf */,
				94C96E236B8F43D290BD49D7 /* Montserrat-ExtraBold.ttf */,
				8943E31903A7474DB920BE64 /* Montserrat-ExtraBoldItalic.ttf */,
				BCFCDE689FF34DA1AB7FB87E /* Montserrat-ExtraLight.ttf */,
				D913B4CDE6E942F2B4BE969E /* Montserrat-ExtraLightItalic.ttf */,
				02DC7D9A6E0142E08B5DD296 /* Montserrat-Italic.ttf */,
				113A19259FDE4A83B4655D5D /* Montserrat-Light.ttf */,
				5D912FB90FA94E908643587C /* Montserrat-LightItalic.ttf */,
				0927ADE6FE0F4BE1BAE3D8D1 /* Montserrat-Medium.ttf */,
				C2566BD0E5274A91A9F30929 /* Montserrat-MediumItalic.ttf */,
				81DC7C1B32B641D59F7F8945 /* Montserrat-Regular.ttf */,
				D8A8149E28BE48F7A910F2DE /* Montserrat-SemiBold.ttf */,
				A9B485E502F2455A9378805C /* Montserrat-SemiBoldItalic.ttf */,
				795C321582804EAB84A67C88 /* Montserrat-Thin.ttf */,
				76B6CA998FAE469F970EE743 /* Montserrat-ThinItalic.ttf */,
				FAA7FF8B99C0498E8D1E7005 /* AntDesign.ttf */,
				EFA46CEDC9DF4D308729EAD4 /* Entypo.ttf */,
				CF901B5B6CC14B58B480EB71 /* EvilIcons.ttf */,
				0E88F8BBF0BA4709A1701FA2 /* Feather.ttf */,
				55D9A862F0624523B253AFF3 /* FontAwesome.ttf */,
				E15AF315401345739FA240FF /* FontAwesome5_Brands.ttf */,
				932805C27BDF42B69653FE90 /* FontAwesome5_Regular.ttf */,
				48C5D87CF1024CC491BB5DE7 /* FontAwesome5_Solid.ttf */,
				CA6EC13EB8E345F58FD58C6F /* Fontisto.ttf */,
				E128C01A2EC44A148CE6BA91 /* Foundation.ttf */,
				6AC031EE0ED448398BE0B5D4 /* Ionicons.ttf */,
				32A750F0605F4D7B8C17A904 /* MaterialCommunityIcons.ttf */,
				0E29F990B6D8400F8ED99BC6 /* MaterialIcons.ttf */,
				959B5D019BF14154849CA5A0 /* Octicons.ttf */,
				E18F9A99F0B046B191068080 /* SimpleLineIcons.ttf */,
				1D6DDEB0268D4A449D3C154D /* Zocial.ttf */,
			);
			name = Resources;
			sourceTree = "<group>";
		};
		832341AE1AAA6A7D00B99B32 /* Libraries */ = {
			isa = PBXGroup;
			children = (
			);
			name = Libraries;
			sourceTree = "<group>";
		};
		83CBB9F61A601CBA00E9B192 = {
			isa = PBXGroup;
			children = (
				C1FE4DD522FCE54E002438EC /* File.swift */,
				13B07FAE1A68108700A75B9A /* HiitTimer */,
				832341AE1AAA6A7D00B99B32 /* Libraries */,
				00E356EF1AD99517003FC87E /* HiitTimerTests */,
				83CBBA001A601CBA00E9B192 /* Products */,
				2D16E6871FA4F8E400B85C8A /* Frameworks */,
				AA5FB432C244BC705ADF2B4B /* Pods */,
				37F1BC222BC841AFBAA2E10A /* Resources */,
				C1FE4DD422FCE54E002438EC /* HiitTimer-Bridging-Header.h */,
			);
			indentWidth = 2;
			sourceTree = "<group>";
			tabWidth = 2;
			usesTabs = 0;
		};
		83CBBA001A601CBA00E9B192 /* Products */ = {
			isa = PBXGroup;
			children = (
				13B07F961A680F5B00A75B9A /* HiitTimer.app */,
			);
			name = Products;
			sourceTree = "<group>";
		};
		AA5FB432C244BC705ADF2B4B /* Pods */ = {
			isa = PBXGroup;
			children = (
				F1AF26850B6CC6708C919833 /* Pods-HiitTimer.debug.xcconfig */,
				66363B6E68064CE2BE8051DA /* Pods-HiitTimer.release.xcconfig */,
				8FE7A5FBF94C245DD6168406 /* Pods-HiitTimer-tvOS.debug.xcconfig */,
				8B497767A1616870F9A930E6 /* Pods-HiitTimer-tvOS.release.xcconfig */,
				88C6F33006F94E003D937BA3 /* Pods-HiitTimer-tvOSTests.debug.xcconfig */,
				BE25DE870D166E1EC70088CF /* Pods-HiitTimer-tvOSTests.release.xcconfig */,
				30BBB2DA865B0B483DF82B3E /* Pods-HiitTimerTests.debug.xcconfig */,
				37B40AA3D2098A56F4D06466 /* Pods-HiitTimerTests.release.xcconfig */,
			);
			path = Pods;
			sourceTree = "<group>";
		};
/* End PBXGroup section */

/* Begin PBXNativeTarget section */
		13B07F861A680F5B00A75B9A /* HiitTimer */ = {
			isa = PBXNativeTarget;
			buildConfigurationList = 13B07F931A680F5B00A75B9A /* Build configuration list for PBXNativeTarget "HiitTimer" */;
			buildPhases = (
				860216644B84F779F3057352 /* [CP] Check Pods Manifest.lock */,
				FD10A7F022414F080027D42C /* Start Packager */,
				13B07F871A680F5B00A75B9A /* Sources */,
				13B07F8C1A680F5B00A75B9A /* Frameworks */,
				13B07F8E1A680F5B00A75B9A /* Resources */,
				00DD1BFF1BD5951E006B06BC /* Bundle React Native code and images */,
				09CA0B8BACBED9B85D20D50F /* [CP] Copy Pods Resources */,
			);
			buildRules = (
			);
			dependencies = (
			);
			name = HiitTimer;
			productName = HiitTimer;
			productReference = 13B07F961A680F5B00A75B9A /* HiitTimer.app */;
			productType = "com.apple.product-type.application";
		};
/* End PBXNativeTarget section */

/* Begin PBXProject section */
		83CBB9F71A601CBA00E9B192 /* Project object */ = {
			isa = PBXProject;
			attributes = {
				LastUpgradeCheck = 940;
				ORGANIZATIONNAME = Facebook;
				TargetAttributes = {
					13B07F861A680F5B00A75B9A = {
						DevelopmentTeam = 7BW52MJS9W;
						LastSwiftMigration = 1020;
						ProvisioningStyle = Automatic;
					};
				};
			};
			buildConfigurationList = 83CBB9FA1A601CBA00E9B192 /* Build configuration list for PBXProject "HiitTimer" */;
			compatibilityVersion = "Xcode 3.2";
			developmentRegion = English;
			hasScannedForEncodings = 0;
			knownRegions = (
				English,
				en,
				Base,
			);
			mainGroup = 83CBB9F61A601CBA00E9B192;
			productRefGroup = 83CBBA001A601CBA00E9B192 /* Products */;
			projectDirPath = "";
			projectRoot = "";
			targets = (
				13B07F861A680F5B00A75B9A /* HiitTimer */,
			);
		};
/* End PBXProject section */

/* Begin PBXResourcesBuildPhase section */
		13B07F8E1A680F5B00A75B9A /* Resources */ = {
			isa = PBXResourcesBuildPhase;
			buildActionMask = 2147483647;
			files = (
				13B07FBF1A68108700A75B9A /* Images.xcassets in Resources */,
				13B07FBD1A68108700A75B9A /* LaunchScreen.xib in Resources */,
				51A60DF1CC174C97B7BB247F /* LeagueGothic-CondensedItalic.otf in Resources */,
				059DA883040C4BBABBA39C5A /* LeagueGothic-CondensedRegular.otf in Resources */,
				4F3DAC5676C042168CA4C8B5 /* LeagueGothic-Italic.otf in Resources */,
				A607D8D908C34F118455B7B3 /* LeagueGothic-Regular.otf in Resources */,
				8AC96912882144679A0D45CD /* Bangers-Regular.ttf in Resources */,
				7B3C25BFA2D84E0D9F7DA246 /* Pacifico-Regular.ttf in Resources */,
				28D6452CD19A42DEA5A6B7F8 /* PermanentMarker-Regular.ttf in Resources */,
				97DAAA3005794E548821C6AD /* icomoon.ttf in Resources */,
				BF14B571086640A58778AB1B /* Lato-Black.ttf in Resources */,
				79FF191F6DBC493E93EC494F /* Lato-BlackItalic.ttf in Resources */,
				85321AB2ADB04CFEB750E1CA /* Lato-Bold.ttf in Resources */,
				80DB85AC290D46A5AF8E750B /* Lato-BoldItalic.ttf in Resources */,
				FC4B24B0C3A6467B9D164ACA /* Lato-Hairline.ttf in Resources */,
				654BA46FA55841AA8056CD6D /* Lato-HairlineItalic.ttf in Resources */,
				1A055594669C485C8C2451D0 /* Lato-Italic.ttf in Resources */,
				CE9F619F88A14AE8A5C3688A /* Lato-Light.ttf in Resources */,
				90F1434C13B541B092158D28 /* Lato-LightItalic.ttf in Resources */,
				E65F5F4164134451AA9AEC8C /* Lato-Regular.ttf in Resources */,
				AEF32CD0C730428EBBDAF514 /* Montserrat-Black.ttf in Resources */,
				18F156724FF441EB953C9B61 /* Montserrat-BlackItalic.ttf in Resources */,
				BA1B0E28ABC94881885F318B /* Montserrat-Bold.ttf in Resources */,
				B2F66092CA2442948C841D8A /* Montserrat-BoldItalic.ttf in Resources */,
				55D96DD1A916414A8EE30936 /* Montserrat-ExtraBold.ttf in Resources */,
				91D4EEC2A2D94F148B082C4D /* Montserrat-ExtraBoldItalic.ttf in Resources */,
				55610E0CF1BB4D00840127BF /* Montserrat-ExtraLight.ttf in Resources */,
				722CF6417BDE42E688F2778B /* Montserrat-ExtraLightItalic.ttf in Resources */,
				131F2023AD2F4D76B2BEAE81 /* Montserrat-Italic.ttf in Resources */,
				C5B866FE1DF14C2AAAC5B25D /* Montserrat-Light.ttf in Resources */,
				085AF1D36DBD4F2CA54C3A10 /* Montserrat-LightItalic.ttf in Resources */,
				1D209AE9D0E340F5BC7199DB /* Montserrat-Medium.ttf in Resources */,
				12D78F45E2854C8E81F184CD /* Montserrat-MediumItalic.ttf in Resources */,
				84774623B6AF42B083BF5F68 /* Montserrat-Regular.ttf in Resources */,
				50B1535951AB4C84A7B660ED /* Montserrat-SemiBold.ttf in Resources */,
				BDB176EBB02F4D8082097B4D /* Montserrat-SemiBoldItalic.ttf in Resources */,
				21C3F02362194E5B974E95FC /* Montserrat-Thin.ttf in Resources */,
				F3EE1341D21049B5A169E22E /* Montserrat-ThinItalic.ttf in Resources */,
				1842B78567304F16A44A8456 /* AntDesign.ttf in Resources */,
				84A0ED71507049DC975D3569 /* Entypo.ttf in Resources */,
				52D42A249F874634A9858216 /* EvilIcons.ttf in Resources */,
				DD6DBBA15B014700A1133D87 /* Feather.ttf in Resources */,
				775CA35B5EA748DDB153C490 /* FontAwesome.ttf in Resources */,
				5C9DC9B2319E4CA99046C1D2 /* FontAwesome5_Brands.ttf in Resources */,
				FE6C5E33387F4DF99B1F37DE /* FontAwesome5_Regular.ttf in Resources */,
				8AC9AD2E9D4A4203BE56154B /* FontAwesome5_Solid.ttf in Resources */,
				3248BAE89E6549F5BAADDC46 /* Fontisto.ttf in Resources */,
				AB35F7A276464F54B453A55D /* Foundation.ttf in Resources */,
				EE8056B07CBF4776BF7A57CD /* Ionicons.ttf in Resources */,
				9850A8E7AF28430BBC30B088 /* MaterialCommunityIcons.ttf in Resources */,
				2FBF3146524E4D5C846E41BB /* MaterialIcons.ttf in Resources */,
				6134A961F10E48F2A372E7C7 /* Octicons.ttf in Resources */,
				9DA643776A2A4D14B7ECAAA3 /* SimpleLineIcons.ttf in Resources */,
				2841A65ABAF344A8BD59F0B3 /* Zocial.ttf in Resources */,
			);
			runOnlyForDeploymentPostprocessing = 0;
		};
/* End PBXResourcesBuildPhase section */

/* Begin PBXShellScriptBuildPhase section */
		00DD1BFF1BD5951E006B06BC /* Bundle React Native code and images */ = {
			isa = PBXShellScriptBuildPhase;
			buildActionMask = 2147483647;
			files = (
			);
			inputPaths = (
			);
			name = "Bundle React Native code and images";
			outputPaths = (
			);
			runOnlyForDeploymentPostprocessing = 0;
			shellPath = /bin/sh;
			shellScript = "export NODE_BINARY=node\n../node_modules/react-native/scripts/react-native-xcode.sh";
		};
		09CA0B8BACBED9B85D20D50F /* [CP] Copy Pods Resources */ = {
			isa = PBXShellScriptBuildPhase;
			buildActionMask = 2147483647;
			files = (
			);
			inputPaths = (
				"${PODS_ROOT}/Target Support Files/Pods-HiitTimer/Pods-HiitTimer-resources.sh",
				"${PODS_ROOT}/../../node_modules/react-native-vector-icons/Fonts/AntDesign.ttf",
				"${PODS_ROOT}/../../node_modules/react-native-vector-icons/Fonts/Entypo.ttf",
				"${PODS_ROOT}/../../node_modules/react-native-vector-icons/Fonts/EvilIcons.ttf",
				"${PODS_ROOT}/../../node_modules/react-native-vector-icons/Fonts/Feather.ttf",
				"${PODS_ROOT}/../../node_modules/react-native-vector-icons/Fonts/FontAwesome.ttf",
				"${PODS_ROOT}/../../node_modules/react-native-vector-icons/Fonts/FontAwesome5_Brands.ttf",
				"${PODS_ROOT}/../../node_modules/react-native-vector-icons/Fonts/FontAwesome5_Regular.ttf",
				"${PODS_ROOT}/../../node_modules/react-native-vector-icons/Fonts/FontAwesome5_Solid.ttf",
				"${PODS_ROOT}/../../node_modules/react-native-vector-icons/Fonts/Fontisto.ttf",
				"${PODS_ROOT}/../../node_modules/react-native-vector-icons/Fonts/Foundation.ttf",
				"${PODS_ROOT}/../../node_modules/react-native-vector-icons/Fonts/Ionicons.ttf",
				"${PODS_ROOT}/../../node_modules/react-native-vector-icons/Fonts/MaterialCommunityIcons.ttf",
				"${PODS_ROOT}/../../node_modules/react-native-vector-icons/Fonts/MaterialIcons.ttf",
				"${PODS_ROOT}/../../node_modules/react-native-vector-icons/Fonts/Octicons.ttf",
				"${PODS_ROOT}/../../node_modules/react-native-vector-icons/Fonts/SimpleLineIcons.ttf",
				"${PODS_ROOT}/../../node_modules/react-native-vector-icons/Fonts/Zocial.ttf",
			);
			name = "[CP] Copy Pods Resources";
			outputPaths = (
				"${TARGET_BUILD_DIR}/${UNLOCALIZED_RESOURCES_FOLDER_PATH}/AntDesign.ttf",
				"${TARGET_BUILD_DIR}/${UNLOCALIZED_RESOURCES_FOLDER_PATH}/Entypo.ttf",
				"${TARGET_BUILD_DIR}/${UNLOCALIZED_RESOURCES_FOLDER_PATH}/EvilIcons.ttf",
				"${TARGET_BUILD_DIR}/${UNLOCALIZED_RESOURCES_FOLDER_PATH}/Feather.ttf",
				"${TARGET_BUILD_DIR}/${UNLOCALIZED_RESOURCES_FOLDER_PATH}/FontAwesome.ttf",
				"${TARGET_BUILD_DIR}/${UNLOCALIZED_RESOURCES_FOLDER_PATH}/FontAwesome5_Brands.ttf",
				"${TARGET_BUILD_DIR}/${UNLOCALIZED_RESOURCES_FOLDER_PATH}/FontAwesome5_Regular.ttf",
				"${TARGET_BUILD_DIR}/${UNLOCALIZED_RESOURCES_FOLDER_PATH}/FontAwesome5_Solid.ttf",
				"${TARGET_BUILD_DIR}/${UNLOCALIZED_RESOURCES_FOLDER_PATH}/Fontisto.ttf",
				"${TARGET_BUILD_DIR}/${UNLOCALIZED_RESOURCES_FOLDER_PATH}/Foundation.ttf",
				"${TARGET_BUILD_DIR}/${UNLOCALIZED_RESOURCES_FOLDER_PATH}/Ionicons.ttf",
				"${TARGET_BUILD_DIR}/${UNLOCALIZED_RESOURCES_FOLDER_PATH}/MaterialCommunityIcons.ttf",
				"${TARGET_BUILD_DIR}/${UNLOCALIZED_RESOURCES_FOLDER_PATH}/MaterialIcons.ttf",
				"${TARGET_BUILD_DIR}/${UNLOCALIZED_RESOURCES_FOLDER_PATH}/Octicons.ttf",
				"${TARGET_BUILD_DIR}/${UNLOCALIZED_RESOURCES_FOLDER_PATH}/SimpleLineIcons.ttf",
				"${TARGET_BUILD_DIR}/${UNLOCALIZED_RESOURCES_FOLDER_PATH}/Zocial.ttf",
			);
			runOnlyForDeploymentPostprocessing = 0;
			shellPath = /bin/sh;
			shellScript = "\"${PODS_ROOT}/Target Support Files/Pods-HiitTimer/Pods-HiitTimer-resources.sh\"\n";
			showEnvVarsInLog = 0;
		};
		860216644B84F779F3057352 /* [CP] Check Pods Manifest.lock */ = {
			isa = PBXShellScriptBuildPhase;
			buildActionMask = 2147483647;
			files = (
			);
			inputFileListPaths = (
			);
			inputPaths = (
				"${PODS_PODFILE_DIR_PATH}/Podfile.lock",
				"${PODS_ROOT}/Manifest.lock",
			);
			name = "[CP] Check Pods Manifest.lock";
			outputFileListPaths = (
			);
			outputPaths = (
				"$(DERIVED_FILE_DIR)/Pods-HiitTimer-checkManifestLockResult.txt",
			);
			runOnlyForDeploymentPostprocessing = 0;
			shellPath = /bin/sh;
			shellScript = "diff \"${PODS_PODFILE_DIR_PATH}/Podfile.lock\" \"${PODS_ROOT}/Manifest.lock\" > /dev/null\nif [ $? != 0 ] ; then\n    # print error to STDERR\n    echo \"error: The sandbox is not in sync with the Podfile.lock. Run 'pod install' or update your CocoaPods installation.\" >&2\n    exit 1\nfi\n# This output is used by Xcode 'outputs' to avoid re-running this script phase.\necho \"SUCCESS\" > \"${SCRIPT_OUTPUT_FILE_0}\"\n";
			showEnvVarsInLog = 0;
		};
		FD10A7F022414F080027D42C /* Start Packager */ = {
			isa = PBXShellScriptBuildPhase;
			buildActionMask = 2147483647;
			files = (
			);
			inputFileListPaths = (
			);
			inputPaths = (
			);
			name = "Start Packager";
			outputFileListPaths = (
			);
			outputPaths = (
			);
			runOnlyForDeploymentPostprocessing = 0;
			shellPath = /bin/sh;
			shellScript = "export RCT_METRO_PORT=\"${RCT_METRO_PORT:=8081}\"\necho \"export RCT_METRO_PORT=${RCT_METRO_PORT}\" > \"${SRCROOT}/../node_modules/react-native/scripts/.packager.env\"\nif [ -z \"${RCT_NO_LAUNCH_PACKAGER+xxx}\" ] ; then\n  if nc -w 5 -z localhost ${RCT_METRO_PORT} ; then\n    if ! curl -s \"http://localhost:${RCT_METRO_PORT}/status\" | grep -q \"packager-status:running\" ; then\n      echo \"Port ${RCT_METRO_PORT} already in use, packager is either not running or not running correctly\"\n      exit 2\n    fi\n  else\n    open \"$SRCROOT/../node_modules/react-native/scripts/launchPackager.command\" || echo \"Can't start packager automatically\"\n  fi\nfi\n";
			showEnvVarsInLog = 0;
		};
/* End PBXShellScriptBuildPhase section */

/* Begin PBXSourcesBuildPhase section */
		13B07F871A680F5B00A75B9A /* Sources */ = {
			isa = PBXSourcesBuildPhase;
			buildActionMask = 2147483647;
			files = (
				13B07FBC1A68108700A75B9A /* AppDelegate.m in Sources */,
				C1FE4DD622FCE54E002438EC /* File.swift in Sources */,
				13B07FC11A68108700A75B9A /* main.m in Sources */,
			);
			runOnlyForDeploymentPostprocessing = 0;
		};
/* End PBXSourcesBuildPhase section */

/* Begin PBXVariantGroup section */
		13B07FB11A68108700A75B9A /* LaunchScreen.xib */ = {
			isa = PBXVariantGroup;
			children = (
				13B07FB21A68108700A75B9A /* Base */,
			);
			name = LaunchScreen.xib;
			path = HiitTimer;
			sourceTree = "<group>";
		};
/* End PBXVariantGroup section */

/* Begin XCBuildConfiguration section */
		13B07F941A680F5B00A75B9A /* Debug */ = {
			isa = XCBuildConfiguration;
			baseConfigurationReference = F1AF26850B6CC6708C919833 /* Pods-HiitTimer.debug.xcconfig */;
			buildSettings = {
				ASSETCATALOG_COMPILER_APPICON_NAME = AppIcon;
				CLANG_ENABLE_MODULES = YES;
				CODE_SIGN_IDENTITY = "iPhone Developer";
				CODE_SIGN_STYLE = Automatic;
				CURRENT_PROJECT_VERSION = 1;
				DEAD_CODE_STRIPPING = NO;
				DEVELOPMENT_TEAM = 7BW52MJS9W;
				INFOPLIST_FILE = HiitTimer/Info.plist;
				LD_RUNPATH_SEARCH_PATHS = "$(inherited) @executable_path/Frameworks";
				LIBRARY_SEARCH_PATHS = (
					"$(inherited)",
					"\"${PODS_CONFIGURATION_BUILD_DIR}/BVLinearGradient\"",
					"\"${PODS_CONFIGURATION_BUILD_DIR}/DoubleConversion\"",
					"\"${PODS_CONFIGURATION_BUILD_DIR}/FirebaseCore\"",
					"\"${PODS_CONFIGURATION_BUILD_DIR}/FirebaseCoreDiagnostics\"",
					"\"${PODS_CONFIGURATION_BUILD_DIR}/FirebaseInstanceID\"",
					"\"${PODS_CONFIGURATION_BUILD_DIR}/Folly\"",
					"\"${PODS_CONFIGURATION_BUILD_DIR}/GoogleDataTransport\"",
					"\"${PODS_CONFIGURATION_BUILD_DIR}/GoogleDataTransportCCTSupport\"",
					"\"${PODS_CONFIGURATION_BUILD_DIR}/GoogleUtilities\"",
					"\"${PODS_CONFIGURATION_BUILD_DIR}/RNFirebase\"",
					"\"${PODS_CONFIGURATION_BUILD_DIR}/RNGestureHandler\"",
					"\"${PODS_CONFIGURATION_BUILD_DIR}/RNReanimated\"",
					"\"${PODS_CONFIGURATION_BUILD_DIR}/RNSVG\"",
					"\"${PODS_CONFIGURATION_BUILD_DIR}/RNSound\"",
					"\"${PODS_CONFIGURATION_BUILD_DIR}/RNVectorIcons\"",
					"\"${PODS_CONFIGURATION_BUILD_DIR}/React-Core\"",
					"\"${PODS_CONFIGURATION_BUILD_DIR}/React-DevSupport\"",
					"\"${PODS_CONFIGURATION_BUILD_DIR}/React-RCTActionSheet\"",
					"\"${PODS_CONFIGURATION_BUILD_DIR}/React-RCTAnimation\"",
					"\"${PODS_CONFIGURATION_BUILD_DIR}/React-RCTBlob\"",
					"\"${PODS_CONFIGURATION_BUILD_DIR}/React-RCTImage\"",
					"\"${PODS_CONFIGURATION_BUILD_DIR}/React-RCTLinking\"",
					"\"${PODS_CONFIGURATION_BUILD_DIR}/React-RCTNetwork\"",
					"\"${PODS_CONFIGURATION_BUILD_DIR}/React-RCTSettings\"",
					"\"${PODS_CONFIGURATION_BUILD_DIR}/React-RCTText\"",
					"\"${PODS_CONFIGURATION_BUILD_DIR}/React-RCTVibration\"",
					"\"${PODS_CONFIGURATION_BUILD_DIR}/React-RCTWebSocket\"",
					"\"${PODS_CONFIGURATION_BUILD_DIR}/React-cxxreact\"",
					"\"${PODS_CONFIGURATION_BUILD_DIR}/React-fishhook\"",
					"\"${PODS_CONFIGURATION_BUILD_DIR}/React-jsi\"",
					"\"${PODS_CONFIGURATION_BUILD_DIR}/React-jsiexecutor\"",
					"\"${PODS_CONFIGURATION_BUILD_DIR}/React-jsinspector\"",
					"\"${PODS_CONFIGURATION_BUILD_DIR}/glog\"",
					"\"${PODS_CONFIGURATION_BUILD_DIR}/lottie-ios\"",
					"\"${PODS_CONFIGURATION_BUILD_DIR}/lottie-react-native\"",
					"\"${PODS_CONFIGURATION_BUILD_DIR}/nanopb\"",
					"\"${PODS_CONFIGURATION_BUILD_DIR}/yoga\"",
				);
				OTHER_LDFLAGS = (
					"$(inherited)",
					"-ObjC",
					"-lc++",
				);
				PRODUCT_BUNDLE_IDENTIFIER = com.zuritimerhiit;
				PRODUCT_NAME = HiitTimer;
				PROVISIONING_PROFILE_SPECIFIER = "";
				SWIFT_OBJC_BRIDGING_HEADER = "HiitTimer-Bridging-Header.h";
				SWIFT_OPTIMIZATION_LEVEL = "-Onone";
				SWIFT_VERSION = 5.0;
				VERSIONING_SYSTEM = "apple-generic";
			};
			name = Debug;
		};
		13B07F951A680F5B00A75B9A /* Release */ = {
			isa = XCBuildConfiguration;
			baseConfigurationReference = 66363B6E68064CE2BE8051DA /* Pods-HiitTimer.release.xcconfig */;
			buildSettings = {
				ASSETCATALOG_COMPILER_APPICON_NAME = AppIcon;
				CLANG_ENABLE_MODULES = YES;
				CODE_SIGN_IDENTITY = "iPhone Developer";
				CODE_SIGN_STYLE = Automatic;
				CURRENT_PROJECT_VERSION = 1;
				DEVELOPMENT_TEAM = 7BW52MJS9W;
				INFOPLIST_FILE = HiitTimer/Info.plist;
				LD_RUNPATH_SEARCH_PATHS = "$(inherited) @executable_path/Frameworks";
				OTHER_LDFLAGS = (
					"$(inherited)",
					"-ObjC",
					"-lc++",
				);
				PRODUCT_BUNDLE_IDENTIFIER = com.zuritimerhiit;
				PRODUCT_NAME = HiitTimer;
				PROVISIONING_PROFILE_SPECIFIER = "";
				SWIFT_OBJC_BRIDGING_HEADER = "HiitTimer-Bridging-Header.h";
				SWIFT_VERSION = 5.0;
				VERSIONING_SYSTEM = "apple-generic";
			};
			name = Release;
		};
		83CBBA201A601CBA00E9B192 /* Debug */ = {
			isa = XCBuildConfiguration;
			buildSettings = {
				ALWAYS_SEARCH_USER_PATHS = NO;
				CLANG_CXX_LANGUAGE_STANDARD = "gnu++0x";
				CLANG_CXX_LIBRARY = "libc++";
				CLANG_ENABLE_MODULES = YES;
				CLANG_ENABLE_OBJC_ARC = YES;
				CLANG_WARN_BLOCK_CAPTURE_AUTORELEASING = YES;
				CLANG_WARN_BOOL_CONVERSION = YES;
				CLANG_WARN_COMMA = YES;
				CLANG_WARN_CONSTANT_CONVERSION = YES;
				CLANG_WARN_DEPRECATED_OBJC_IMPLEMENTATIONS = YES;
				CLANG_WARN_DIRECT_OBJC_ISA_USAGE = YES_ERROR;
				CLANG_WARN_EMPTY_BODY = YES;
				CLANG_WARN_ENUM_CONVERSION = YES;
				CLANG_WARN_INFINITE_RECURSION = YES;
				CLANG_WARN_INT_CONVERSION = YES;
				CLANG_WARN_NON_LITERAL_NULL_CONVERSION = YES;
				CLANG_WARN_OBJC_IMPLICIT_RETAIN_SELF = YES;
				CLANG_WARN_OBJC_LITERAL_CONVERSION = YES;
				CLANG_WARN_OBJC_ROOT_CLASS = YES_ERROR;
				CLANG_WARN_RANGE_LOOP_ANALYSIS = YES;
				CLANG_WARN_STRICT_PROTOTYPES = YES;
				CLANG_WARN_SUSPICIOUS_MOVE = YES;
				CLANG_WARN_UNREACHABLE_CODE = YES;
				CLANG_WARN__DUPLICATE_METHOD_MATCH = YES;
				"CODE_SIGN_IDENTITY[sdk=iphoneos*]" = "iPhone Developer";
				COPY_PHASE_STRIP = NO;
				ENABLE_STRICT_OBJC_MSGSEND = YES;
				ENABLE_TESTABILITY = YES;
				GCC_C_LANGUAGE_STANDARD = gnu99;
				GCC_DYNAMIC_NO_PIC = NO;
				GCC_NO_COMMON_BLOCKS = YES;
				GCC_OPTIMIZATION_LEVEL = 0;
				GCC_PREPROCESSOR_DEFINITIONS = (
					"DEBUG=1",
					"$(inherited)",
				);
				GCC_SYMBOLS_PRIVATE_EXTERN = NO;
				GCC_WARN_64_TO_32_BIT_CONVERSION = YES;
				GCC_WARN_ABOUT_RETURN_TYPE = YES_ERROR;
				GCC_WARN_UNDECLARED_SELECTOR = YES;
				GCC_WARN_UNINITIALIZED_AUTOS = YES_AGGRESSIVE;
				GCC_WARN_UNUSED_FUNCTION = YES;
				GCC_WARN_UNUSED_VARIABLE = YES;
				IPHONEOS_DEPLOYMENT_TARGET = 9.0;
				MTL_ENABLE_DEBUG_INFO = YES;
				ONLY_ACTIVE_ARCH = YES;
				SDKROOT = iphoneos;
			};
			name = Debug;
		};
		83CBBA211A601CBA00E9B192 /* Release */ = {
			isa = XCBuildConfiguration;
			buildSettings = {
				ALWAYS_SEARCH_USER_PATHS = NO;
				CLANG_CXX_LANGUAGE_STANDARD = "gnu++0x";
				CLANG_CXX_LIBRARY = "libc++";
				CLANG_ENABLE_MODULES = YES;
				CLANG_ENABLE_OBJC_ARC = YES;
				CLANG_WARN_BLOCK_CAPTURE_AUTORELEASING = YES;
				CLANG_WARN_BOOL_CONVERSION = YES;
				CLANG_WARN_COMMA = YES;
				CLANG_WARN_CONSTANT_CONVERSION = YES;
				CLANG_WARN_DEPRECATED_OBJC_IMPLEMENTATIONS = YES;
				CLANG_WARN_DIRECT_OBJC_ISA_USAGE = YES_ERROR;
				CLANG_WARN_EMPTY_BODY = YES;
				CLANG_WARN_ENUM_CONVERSION = YES;
				CLANG_WARN_INFINITE_RECURSION = YES;
				CLANG_WARN_INT_CONVERSION = YES;
				CLANG_WARN_NON_LITERAL_NULL_CONVERSION = YES;
				CLANG_WARN_OBJC_IMPLICIT_RETAIN_SELF = YES;
				CLANG_WARN_OBJC_LITERAL_CONVERSION = YES;
				CLANG_WARN_OBJC_ROOT_CLASS = YES_ERROR;
				CLANG_WARN_RANGE_LOOP_ANALYSIS = YES;
				CLANG_WARN_STRICT_PROTOTYPES = YES;
				CLANG_WARN_SUSPICIOUS_MOVE = YES;
				CLANG_WARN_UNREACHABLE_CODE = YES;
				CLANG_WARN__DUPLICATE_METHOD_MATCH = YES;
				"CODE_SIGN_IDENTITY[sdk=iphoneos*]" = "iPhone Developer";
				COPY_PHASE_STRIP = YES;
				ENABLE_NS_ASSERTIONS = NO;
				ENABLE_STRICT_OBJC_MSGSEND = YES;
				GCC_C_LANGUAGE_STANDARD = gnu99;
				GCC_NO_COMMON_BLOCKS = YES;
				GCC_WARN_64_TO_32_BIT_CONVERSION = YES;
				GCC_WARN_ABOUT_RETURN_TYPE = YES_ERROR;
				GCC_WARN_UNDECLARED_SELECTOR = YES;
				GCC_WARN_UNINITIALIZED_AUTOS = YES_AGGRESSIVE;
				GCC_WARN_UNUSED_FUNCTION = YES;
				GCC_WARN_UNUSED_VARIABLE = YES;
				IPHONEOS_DEPLOYMENT_TARGET = 9.0;
				MTL_ENABLE_DEBUG_INFO = NO;
				SDKROOT = iphoneos;
				VALIDATE_PRODUCT = YES;
			};
			name = Release;
		};
/* End XCBuildConfiguration section */

/* Begin XCConfigurationList section */
		13B07F931A680F5B00A75B9A /* Build configuration list for PBXNativeTarget "HiitTimer" */ = {
			isa = XCConfigurationList;
			buildConfigurations = (
				13B07F941A680F5B00A75B9A /* Debug */,
				13B07F951A680F5B00A75B9A /* Release */,
			);
			defaultConfigurationIsVisible = 0;
			defaultConfigurationName = Release;
		};
		83CBB9FA1A601CBA00E9B192 /* Build configuration list for PBXProject "HiitTimer" */ = {
			isa = XCConfigurationList;
			buildConfigurations = (
				83CBBA201A601CBA00E9B192 /* Debug */,
				83CBBA211A601CBA00E9B192 /* Release */,
			);
			defaultConfigurationIsVisible = 0;
			defaultConfigurationName = Release;
		};
/* End XCConfigurationList section */
	};
	rootObject = 83CBB9F71A601CBA00E9B192 /* Project object */;
}
